
Microsoft Visual Studio Solution File, Format Version 10.00
# Visual Studio 2008
Project("{8BC9CEB8-8B4A-11D0-8D11-00A0C91BC942}") = "LinkHelper", "LinkHelper/LinkHelper.vcproj", "{C9C0CB3E-A301-42A4-9A1D-3BD274F07668}"
EndProject
Global
	GlobalSection(SolutionConfigurationPlatforms) = preSolution
		Debug|Win32 = Debug|Win32
		Release|Win32 = Release|Win32
	EndGlobalSection
	GlobalSection(ProjectConfigurationPlatforms) = postSolution
		{C9C0CB3E-A301-42A4-9A1D-3BD274F07668}.Debug|Win32.ActiveCfg = Debug|Win32
		{C9C0CB3E-A301-42A4-9A1D-3BD274F07668}.Debug|Win32.Build.0 = Debug|Win32
		{C9C0CB3E-A301-42A4-9A1D-3BD274F07668}.Release|Win32.ActiveCfg = Release|Win32
		{C9C0CB3E-A301-42A4-9A1D-3BD274F07668}.Release|Win32.Build.0 = Release|Win32
	EndGlobalSection
	GlobalSection(SolutionProperties) = preSolution
		HideSolutionNode = FALSE
	EndGlobalSection
EndGlobal
